// !$*UTF8*$!
{
	archiveVersion = 1;
	classes = {
	};
	objectVersion = 50;
	objects = {

/* Begin PBXBuildFile section */
		C395567F2795F1BF002321E9 /* CViewApp.swift in Sources */ = {isa = PBXBuildFile; fileRef = C395567E2795F1BF002321E9 /* CViewApp.swift */; };
		C39556812795F1BF002321E9 /* DetailView.swift in Sources */ = {isa = PBXBuildFile; fileRef = C39556802795F1BF002321E9 /* DetailView.swift */; };
		C39556832795F1C1002321E9 /* Assets.xcassets in Resources */ = {isa = PBXBuildFile; fileRef = C39556822795F1C1002321E9 /* Assets.xcassets */; };
		C39556862795F1C1002321E9 /* Preview Assets.xcassets in Resources */ = {isa = PBXBuildFile; fileRef = C39556852795F1C1002321E9 /* Preview Assets.xcassets */; };
		C39556912795F846002321E9 /* CVstore.swift in Sources */ = {isa = PBXBuildFile; fileRef = C39556902795F846002321E9 /* CVstore.swift */; };
		C39556952795FA6A002321E9 /* CV.swift in Sources */ = {isa = PBXBuildFile; fileRef = C39556942795FA6A002321E9 /* CV.swift */; };
		C395569827961F71002321E9 /* Theme.swift in Sources */ = {isa = PBXBuildFile; fileRef = C395569727961F71002321E9 /* Theme.swift */; };
		C395569C2796247B002321E9 /* CView.swift in Sources */ = {isa = PBXBuildFile; fileRef = C395569B2796247B002321E9 /* CView.swift */; };
		C395569F2796BD56002321E9 /* CardView.swift in Sources */ = {isa = PBXBuildFile; fileRef = C395569E2796BD56002321E9 /* CardView.swift */; };
		C39556A32796BEA4002321E9 /* DetailEditView.swift in Sources */ = {isa = PBXBuildFile; fileRef = C39556A22796BEA4002321E9 /* DetailEditView.swift */; };
		C39556A72796C22F002321E9 /* TrailingIconLabelStyle.swift in Sources */ = {isa = PBXBuildFile; fileRef = C39556A62796C22F002321E9 /* TrailingIconLabelStyle.swift */; };
		C39556AB2796CBC4002321E9 /* SegmentView.swift in Sources */ = {isa = PBXBuildFile; fileRef = C39556AA2796CBC4002321E9 /* SegmentView.swift */; };
		C39556AE27970AA2002321E9 /* SegmentFooterView.swift in Sources */ = {isa = PBXBuildFile; fileRef = C39556AD27970AA2002321E9 /* SegmentFooterView.swift */; };
		C39556B127972542002321E9 /* CVSegments.swift in Sources */ = {isa = PBXBuildFile; fileRef = C39556B027972542002321E9 /* CVSegments.swift */; };
		C39556B52797F5B9002321E9 /* SegmentHeaderView.swift in Sources */ = {isa = PBXBuildFile; fileRef = C39556B42797F5B9002321E9 /* SegmentHeaderView.swift */; };
		C39556B9279813A1002321E9 /* CVProgressViewStyle.swift in Sources */ = {isa = PBXBuildFile; fileRef = C39556B8279813A1002321E9 /* CVProgressViewStyle.swift */; };
		C39556BD27981CCB002321E9 /* ThemePicker.swift in Sources */ = {isa = PBXBuildFile; fileRef = C39556BC27981CCB002321E9 /* ThemePicker.swift */; };
		C39556C027981CF0002321E9 /* ThemeView.swift in Sources */ = {isa = PBXBuildFile; fileRef = C39556BF27981CF0002321E9 /* ThemeView.swift */; };
		C39556C52799B086002321E9 /* SegmentCardView.swift in Sources */ = {isa = PBXBuildFile; fileRef = C39556C42799B086002321E9 /* SegmentCardView.swift */; };
		C39556C9279CD055002321E9 /* SegmentEditView.swift in Sources */ = {isa = PBXBuildFile; fileRef = C39556C8279CD054002321E9 /* SegmentEditView.swift */; };
/* End PBXBuildFile section */

/* Begin PBXFileReference section */
		C395567B2795F1BF002321E9 /* CView.app */ = {isa = PBXFileReference; explicitFileType = wrapper.application; includeInIndex = 0; path = CView.app; sourceTree = BUILT_PRODUCTS_DIR; };
		C395567E2795F1BF002321E9 /* CViewApp.swift */ = {isa = PBXFileReference; lastKnownFileType = sourcecode.swift; path = CViewApp.swift; sourceTree = "<group>"; };
		C39556802795F1BF002321E9 /* DetailView.swift */ = {isa = PBXFileReference; lastKnownFileType = sourcecode.swift; path = DetailView.swift; sourceTree = "<group>"; };
		C39556822795F1C1002321E9 /* Assets.xcassets */ = {isa = PBXFileReference; lastKnownFileType = folder.assetcatalog; path = Assets.xcassets; sourceTree = "<group>"; };
		C39556852795F1C1002321E9 /* Preview Assets.xcassets */ = {isa = PBXFileReference; lastKnownFileType = folder.assetcatalog; path = "Preview Assets.xcassets"; sourceTree = "<group>"; };
		C39556872795F1C1002321E9 /* Info.plist */ = {isa = PBXFileReference; lastKnownFileType = text.plist.xml; path = Info.plist; sourceTree = "<group>"; };
		C39556902795F846002321E9 /* CVstore.swift */ = {isa = PBXFileReference; lastKnownFileType = sourcecode.swift; path = CVstore.swift; sourceTree = "<group>"; };
		C39556942795FA6A002321E9 /* CV.swift */ = {isa = PBXFileReference; lastKnownFileType = sourcecode.swift; path = CV.swift; sourceTree = "<group>"; };
		C395569727961F71002321E9 /* Theme.swift */ = {isa = PBXFileReference; lastKnownFileType = sourcecode.swift; path = Theme.swift; sourceTree = "<group>"; };
		C395569B2796247B002321E9 /* CView.swift */ = {isa = PBXFileReference; lastKnownFileType = sourcecode.swift; path = CView.swift; sourceTree = "<group>"; };
		C395569E2796BD56002321E9 /* CardView.swift */ = {isa = PBXFileReference; lastKnownFileType = sourcecode.swift; path = CardView.swift; sourceTree = "<group>"; };
		C39556A22796BEA4002321E9 /* DetailEditView.swift */ = {isa = PBXFileReference; lastKnownFileType = sourcecode.swift; path = DetailEditView.swift; sourceTree = "<group>"; };
		C39556A62796C22F002321E9 /* TrailingIconLabelStyle.swift */ = {isa = PBXFileReference; lastKnownFileType = sourcecode.swift; path = TrailingIconLabelStyle.swift; sourceTree = "<group>"; };
		C39556AA2796CBC4002321E9 /* SegmentView.swift */ = {isa = PBXFileReference; lastKnownFileType = sourcecode.swift; path = SegmentView.swift; sourceTree = "<group>"; };
		C39556AD27970AA2002321E9 /* SegmentFooterView.swift */ = {isa = PBXFileReference; lastKnownFileType = sourcecode.swift; path = SegmentFooterView.swift; sourceTree = "<group>"; };
		C39556B027972542002321E9 /* CVSegments.swift */ = {isa = PBXFileReference; lastKnownFileType = sourcecode.swift; path = CVSegments.swift; sourceTree = "<group>"; };
		C39556B42797F5B9002321E9 /* SegmentHeaderView.swift */ = {isa = PBXFileReference; lastKnownFileType = sourcecode.swift; path = SegmentHeaderView.swift; sourceTree = "<group>"; };
		C39556B8279813A1002321E9 /* CVProgressViewStyle.swift */ = {isa = PBXFileReference; lastKnownFileType = sourcecode.swift; path = CVProgressViewStyle.swift; sourceTree = "<group>"; };
		C39556BC27981CCB002321E9 /* ThemePicker.swift */ = {isa = PBXFileReference; lastKnownFileType = sourcecode.swift; path = ThemePicker.swift; sourceTree = "<group>"; };
		C39556BF27981CF0002321E9 /* ThemeView.swift */ = {isa = PBXFileReference; lastKnownFileType = sourcecode.swift; path = ThemeView.swift; sourceTree = "<group>"; };
		C39556C42799B086002321E9 /* SegmentCardView.swift */ = {isa = PBXFileReference; lastKnownFileType = sourcecode.swift; path = SegmentCardView.swift; sourceTree = "<group>"; };
		C39556C8279CD054002321E9 /* SegmentEditView.swift */ = {isa = PBXFileReference; lastKnownFileType = sourcecode.swift; path = SegmentEditView.swift; sourceTree = "<group>"; };
/* End PBXFileReference section */

/* Begin PBXFrameworksBuildPhase section */
		C39556782795F1BF002321E9 /* Frameworks */ = {
			isa = PBXFrameworksBuildPhase;
			buildActionMask = 2147483647;
			files = (
			);
			runOnlyForDeploymentPostprocessing = 0;
		};
/* End PBXFrameworksBuildPhase section */

/* Begin PBXGroup section */
		C39556722795F1BF002321E9 = {
			isa = PBXGroup;
			children = (
				C395567D2795F1BF002321E9 /* CView */,
				C395567C2795F1BF002321E9 /* Products */,
			);
			sourceTree = "<group>";
		};
		C395567C2795F1BF002321E9 /* Products */ = {
			isa = PBXGroup;
			children = (
				C395567B2795F1BF002321E9 /* CView.app */,
			);
			name = Products;
			sourceTree = "<group>";
		};
		C395567D2795F1BF002321E9 /* CView */ = {
			isa = PBXGroup;
			children = (
				C395567E2795F1BF002321E9 /* CViewApp.swift */,
				C395568F2795F82B002321E9 /* Models */,
				C39556822795F1C1002321E9 /* Assets.xcassets */,
				C39556A62796C22F002321E9 /* TrailingIconLabelStyle.swift */,
				C39556872795F1C1002321E9 /* Info.plist */,
				C39556842795F1C1002321E9 /* Preview Content */,
				C395569E2796BD56002321E9 /* CardView.swift */,
				C395569B2796247B002321E9 /* CView.swift */,
				C39556B8279813A1002321E9 /* CVProgressViewStyle.swift */,
				C39556A22796BEA4002321E9 /* DetailEditView.swift */,
				C39556802795F1BF002321E9 /* DetailView.swift */,
				C39556C42799B086002321E9 /* SegmentCardView.swift */,
				C39556C8279CD054002321E9 /* SegmentEditView.swift */,
				C39556B42797F5B9002321E9 /* SegmentHeaderView.swift */,
				C39556AA2796CBC4002321E9 /* SegmentView.swift */,
				C39556AD27970AA2002321E9 /* SegmentFooterView.swift */,
				C39556BC27981CCB002321E9 /* ThemePicker.swift */,
				C39556BF27981CF0002321E9 /* ThemeView.swift */,
			);
			path = CView;
			sourceTree = "<group>";
		};
		C39556842795F1C1002321E9 /* Preview Content */ = {
			isa = PBXGroup;
			children = (
				C39556852795F1C1002321E9 /* Preview Assets.xcassets */,
			);
			path = "Preview Content";
			sourceTree = "<group>";
		};
		C395568F2795F82B002321E9 /* Models */ = {
			isa = PBXGroup;
			children = (
				C39556942795FA6A002321E9 /* CV.swift */,
				C39556B027972542002321E9 /* CVSegments.swift */,
				C39556902795F846002321E9 /* CVstore.swift */,
				C395569727961F71002321E9 /* Theme.swift */,
			);
			path = Models;
			sourceTree = "<group>";
		};
/* End PBXGroup section */

/* Begin PBXNativeTarget section */
		C395567A2795F1BF002321E9 /* CView */ = {
			isa = PBXNativeTarget;
			buildConfigurationList = C395568A2795F1C1002321E9 /* Build configuration list for PBXNativeTarget "CView" */;
			buildPhases = (
				C39556772795F1BF002321E9 /* Sources */,
				C39556782795F1BF002321E9 /* Frameworks */,
				C39556792795F1BF002321E9 /* Resources */,
			);
			buildRules = (
			);
			dependencies = (
			);
			name = CView;
			productName = CView;
			productReference = C395567B2795F1BF002321E9 /* CView.app */;
			productType = "com.apple.product-type.application";
		};
/* End PBXNativeTarget section */

/* Begin PBXProject section */
		C39556732795F1BF002321E9 /* Project object */ = {
			isa = PBXProject;
			attributes = {
				LastSwiftUpdateCheck = 1240;
				LastUpgradeCheck = 1240;
				TargetAttributes = {
					C395567A2795F1BF002321E9 = {
						CreatedOnToolsVersion = 12.4;
					};
				};
			};
			buildConfigurationList = C39556762795F1BF002321E9 /* Build configuration list for PBXProject "CView" */;
			compatibilityVersion = "Xcode 9.3";
			developmentRegion = en;
			hasScannedForEncodings = 0;
			knownRegions = (
				en,
				Base,
			);
			mainGroup = C39556722795F1BF002321E9;
			productRefGroup = C395567C2795F1BF002321E9 /* Products */;
			projectDirPath = "";
			projectRoot = "";
			targets = (
				C395567A2795F1BF002321E9 /* CView */,
			);
		};
/* End PBXProject section */

/* Begin PBXResourcesBuildPhase section */
		C39556792795F1BF002321E9 /* Resources */ = {
			isa = PBXResourcesBuildPhase;
			buildActionMask = 2147483647;
			files = (
				C39556862795F1C1002321E9 /* Preview Assets.xcassets in Resources */,
				C39556832795F1C1002321E9 /* Assets.xcassets in Resources */,
			);
			runOnlyForDeploymentPostprocessing = 0;
		};
/* End PBXResourcesBuildPhase section */

/* Begin PBXSourcesBuildPhase section */
		C39556772795F1BF002321E9 /* Sources */ = {
			isa = PBXSourcesBuildPhase;
			buildActionMask = 2147483647;
			files = (
				C39556C9279CD055002321E9 /* SegmentEditView.swift in Sources */,
				C395569F2796BD56002321E9 /* CardView.swift in Sources */,
				C39556952795FA6A002321E9 /* CV.swift in Sources */,
				C39556812795F1BF002321E9 /* DetailView.swift in Sources */,
				C39556BD27981CCB002321E9 /* ThemePicker.swift in Sources */,
				C39556A32796BEA4002321E9 /* DetailEditView.swift in Sources */,
				C39556B52797F5B9002321E9 /* SegmentHeaderView.swift in Sources */,
				C39556A72796C22F002321E9 /* TrailingIconLabelStyle.swift in Sources */,
				C395569827961F71002321E9 /* Theme.swift in Sources */,
				C39556C027981CF0002321E9 /* ThemeView.swift in Sources */,
				C39556B127972542002321E9 /* CVSegments.swift in Sources */,
				C39556B9279813A1002321E9 /* CVProgressViewStyle.swift in Sources */,
				C39556AE27970AA2002321E9 /* SegmentFooterView.swift in Sources */,
				C39556912795F846002321E9 /* CVstore.swift in Sources */,
				C395569C2796247B002321E9 /* CView.swift in Sources */,
				C39556C52799B086002321E9 /* SegmentCardView.swift in Sources */,
				C39556AB2796CBC4002321E9 /* SegmentView.swift in Sources */,
				C395567F2795F1BF002321E9 /* CViewApp.swift in Sources */,
			);
			runOnlyForDeploymentPostprocessing = 0;
		};
/* End PBXSourcesBuildPhase section */

/* Begin XCBuildConfiguration section */
		C39556882795F1C1002321E9 /* Debug */ = {
			isa = XCBuildConfiguration;
			buildSettings = {
				ALWAYS_SEARCH_USER_PATHS = NO;
				CLANG_ANALYZER_NONNULL = YES;
				CLANG_ANALYZER_NUMBER_OBJECT_CONVERSION = YES_AGGRESSIVE;
				CLANG_CXX_LANGUAGE_STANDARD = "gnu++14";
				CLANG_CXX_LIBRARY = "libc++";
				CLANG_ENABLE_MODULES = YES;
				CLANG_ENABLE_OBJC_ARC = YES;
				CLANG_ENABLE_OBJC_WEAK = YES;
				CLANG_WARN_BLOCK_CAPTURE_AUTORELEASING = YES;
				CLANG_WARN_BOOL_CONVERSION = YES;
				CLANG_WARN_COMMA = YES;
				CLANG_WARN_CONSTANT_CONVERSION = YES;
				CLANG_WARN_DEPRECATED_OBJC_IMPLEMENTATIONS = YES;
				CLANG_WARN_DIRECT_OBJC_ISA_USAGE = YES_ERROR;
				CLANG_WARN_DOCUMENTATION_COMMENTS = YES;
				CLANG_WARN_EMPTY_BODY = YES;
				CLANG_WARN_ENUM_CONVERSION = YES;
				CLANG_WARN_INFINITE_RECURSION = YES;
				CLANG_WARN_INT_CONVERSION = YES;
				CLANG_WARN_NON_LITERAL_NULL_CONVERSION = YES;
				CLANG_WARN_OBJC_IMPLICIT_RETAIN_SELF = YES;
				CLANG_WARN_OBJC_LITERAL_CONVERSION = YES;
				CLANG_WARN_OBJC_ROOT_CLASS = YES_ERROR;
				CLANG_WARN_QUOTED_INCLUDE_IN_FRAMEWORK_HEADER = YES;
				CLANG_WARN_RANGE_LOOP_ANALYSIS = YES;
				CLANG_WARN_STRICT_PROTOTYPES = YES;
				CLANG_WARN_SUSPICIOUS_MOVE = YES;
				CLANG_WARN_UNGUARDED_AVAILABILITY = YES_AGGRESSIVE;
				CLANG_WARN_UNREACHABLE_CODE = YES;
				CLANG_WARN__DUPLICATE_METHOD_MATCH = YES;
				COPY_PHASE_STRIP = NO;
				DEBUG_INFORMATION_FORMAT = dwarf;
				ENABLE_STRICT_OBJC_MSGSEND = YES;
				ENABLE_TESTABILITY = YES;
				GCC_C_LANGUAGE_STANDARD = gnu11;
				GCC_DYNAMIC_NO_PIC = NO;
				GCC_NO_COMMON_BLOCKS = YES;
				GCC_OPTIMIZATION_LEVEL = 0;
				GCC_PREPROCESSOR_DEFINITIONS = (
					"DEBUG=1",
					"$(inherited)",
				);
				GCC_WARN_64_TO_32_BIT_CONVERSION = YES;
				GCC_WARN_ABOUT_RETURN_TYPE = YES_ERROR;
				GCC_WARN_UNDECLARED_SELECTOR = YES;
				GCC_WARN_UNINITIALIZED_AUTOS = YES_AGGRESSIVE;
				GCC_WARN_UNUSED_FUNCTION = YES;
				GCC_WARN_UNUSED_VARIABLE = YES;
				IPHONEOS_DEPLOYMENT_TARGET = 14.4;
				MTL_ENABLE_DEBUG_INFO = INCLUDE_SOURCE;
				MTL_FAST_MATH = YES;
				ONLY_ACTIVE_ARCH = YES;
				SDKROOT = iphoneos;
				SWIFT_ACTIVE_COMPILATION_CONDITIONS = DEBUG;
				SWIFT_OPTIMIZATION_LEVEL = "-Onone";
			};
			name = Debug;
		};
		C39556892795F1C1002321E9 /* Release */ = {
			isa = XCBuildConfiguration;
			buildSettings = {
				ALWAYS_SEARCH_USER_PATHS = NO;
				CLANG_ANALYZER_NONNULL = YES;
				CLANG_ANALYZER_NUMBER_OBJECT_CONVERSION = YES_AGGRESSIVE;
				CLANG_CXX_LANGUAGE_STANDARD = "gnu++14";
				CLANG_CXX_LIBRARY = "libc++";
				CLANG_ENABLE_MODULES = YES;
				CLANG_ENABLE_OBJC_ARC = YES;
				CLANG_ENABLE_OBJC_WEAK = YES;
				CLANG_WARN_BLOCK_CAPTURE_AUTORELEASING = YES;
				CLANG_WARN_BOOL_CONVERSION = YES;
				CLANG_WARN_COMMA = YES;
				CLANG_WARN_CONSTANT_CONVERSION = YES;
				CLANG_WARN_DEPRECATED_OBJC_IMPLEMENTATIONS = YES;
				CLANG_WARN_DIRECT_OBJC_ISA_USAGE = YES_ERROR;
				CLANG_WARN_DOCUMENTATION_COMMENTS = YES;
				CLANG_WARN_EMPTY_BODY = YES;
				CLANG_WARN_ENUM_CONVERSION = YES;
				CLANG_WARN_INFINITE_RECURSION = YES;
				CLANG_WARN_INT_CONVERSION = YES;
				CLANG_WARN_NON_LITERAL_NULL_CONVERSION = YES;
				CLANG_WARN_OBJC_IMPLICIT_RETAIN_SELF = YES;
				CLANG_WARN_OBJC_LITERAL_CONVERSION = YES;
				CLANG_WARN_OBJC_ROOT_CLASS = YES_ERROR;
				CLANG_WARN_QUOTED_INCLUDE_IN_FRAMEWORK_HEADER = YES;
				CLANG_WARN_RANGE_LOOP_ANALYSIS = YES;
				CLANG_WARN_STRICT_PROTOTYPES = YES;
				CLANG_WARN_SUSPICIOUS_MOVE = YES;
				CLANG_WARN_UNGUARDED_AVAILABILITY = YES_AGGRESSIVE;
				CLANG_WARN_UNREACHABLE_CODE = YES;
				CLANG_WARN__DUPLICATE_METHOD_MATCH = YES;
				COPY_PHASE_STRIP = NO;
				DEBUG_INFORMATION_FORMAT = "dwarf-with-dsym";
				ENABLE_NS_ASSERTIONS = NO;
				ENABLE_STRICT_OBJC_MSGSEND = YES;
				GCC_C_LANGUAGE_STANDARD = gnu11;
				GCC_NO_COMMON_BLOCKS = YES;
				GCC_WARN_64_TO_32_BIT_CONVERSION = YES;
				GCC_WARN_ABOUT_RETURN_TYPE = YES_ERROR;
				GCC_WARN_UNDECLARED_SELECTOR = YES;
				GCC_WARN_UNINITIALIZED_AUTOS = YES_AGGRESSIVE;
				GCC_WARN_UNUSED_FUNCTION = YES;
				GCC_WARN_UNUSED_VARIABLE = YES;
				IPHONEOS_DEPLOYMENT_TARGET = 14.4;
				MTL_ENABLE_DEBUG_INFO = NO;
				MTL_FAST_MATH = YES;
				SDKROOT = iphoneos;
				SWIFT_COMPILATION_MODE = wholemodule;
				SWIFT_OPTIMIZATION_LEVEL = "-O";
				VALIDATE_PRODUCT = YES;
			};
			name = Release;
		};
		C395568B2795F1C1002321E9 /* Debug */ = {
			isa = XCBuildConfiguration;
			buildSettings = {
				ASSETCATALOG_COMPILER_APPICON_NAME = AppIcon;
				ASSETCATALOG_COMPILER_GLOBAL_ACCENT_COLOR_NAME = AccentColor;
				CODE_SIGN_STYLE = Automatic;
				DEVELOPMENT_ASSET_PATHS = "\"CView/Preview Content\"";
				DEVELOPMENT_TEAM = 2VBAWWJF2B;
				ENABLE_PREVIEWS = YES;
				INFOPLIST_FILE = CView/Info.plist;
				IPHONEOS_DEPLOYMENT_TARGET = 14.0;
				LD_RUNPATH_SEARCH_PATHS = (
					"$(inherited)",
					"@executable_path/Frameworks",
				);
				OTHER_CODE_SIGN_FLAGS = "--generate-entitlement-der";
				PRODUCT_BUNDLE_IDENTIFIER = io.jurgitonas.CView;
				PRODUCT_NAME = "$(TARGET_NAME)";
				SWIFT_VERSION = 5.0;
				TARGETED_DEVICE_FAMILY = "1,2";
			};
			name = Debug;
		};
		C395568C2795F1C1002321E9 /* Release */ = {
			isa = XCBuildConfiguration;
			buildSettings = {
				ASSETCATALOG_COMPILER_APPICON_NAME = AppIcon;
				ASSETCATALOG_COMPILER_GLOBAL_ACCENT_COLOR_NAME = AccentColor;
				CODE_SIGN_STYLE = Automatic;
				DEVELOPMENT_ASSET_PATHS = "\"CView/Preview Content\"";
				DEVELOPMENT_TEAM = 2VBAWWJF2B;
				ENABLE_PREVIEWS = YES;
				INFOPLIST_FILE = CView/Info.plist;
				IPHONEOS_DEPLOYMENT_TARGET = 14.0;
				LD_RUNPATH_SEARCH_PATHS = (
					"$(inherited)",
					"@executable_path/Frameworks",
				);
				OTHER_CODE_SIGN_FLAGS = "--generate-entitlement-der";
				PRODUCT_BUNDLE_IDENTIFIER = io.jurgitonas.CView;
				PRODUCT_NAME = "$(TARGET_NAME)";
				SWIFT_VERSION = 5.0;
				TARGETED_DEVICE_FAMILY = "1,2";
			};
			name = Release;
		};
/* End XCBuildConfiguration section */

/* Begin XCConfigurationList section */
		C39556762795F1BF002321E9 /* Build configuration list for PBXProject "CView" */ = {
			isa = XCConfigurationList;
			buildConfigurations = (
				C39556882795F1C1002321E9 /* Debug */,
				C39556892795F1C1002321E9 /* Release */,
			);
			defaultConfigurationIsVisible = 0;
			defaultConfigurationName = Release;
		};
		C395568A2795F1C1002321E9 /* Build configuration list for PBXNativeTarget "CView" */ = {
			isa = XCConfigurationList;
			buildConfigurations = (
				C395568B2795F1C1002321E9 /* Debug */,
				C395568C2795F1C1002321E9 /* Release */,
			);
			defaultConfigurationIsVisible = 0;
			defaultConfigurationName = Release;
		};
/* End XCConfigurationList section */
	};
	rootObject = C39556732795F1BF002321E9 /* Project object */;
}
